// !$*UTF8*$!
{
	archiveVersion = 1;
	classes = {
	};
	objectVersion = 55;
	objects = {

/* Begin PBXBuildFile section */
		9C55DA5B286A9E6B00F0324E /* AppDelegate.swift in Sources */ = {isa = PBXBuildFile; fileRef = 9C55DA5A286A9E6B00F0324E /* AppDelegate.swift */; };
		9C55DA5D286A9E6B00F0324E /* SceneDelegate.swift in Sources */ = {isa = PBXBuildFile; fileRef = 9C55DA5C286A9E6B00F0324E /* SceneDelegate.swift */; };
		9C55DA5F286A9E6B00F0324E /* ViewController.swift in Sources */ = {isa = PBXBuildFile; fileRef = 9C55DA5E286A9E6B00F0324E /* ViewController.swift */; };
		9C55DA62286A9E6B00F0324E /* Main.storyboard in Resources */ = {isa = PBXBuildFile; fileRef = 9C55DA60286A9E6B00F0324E /* Main.storyboard */; };
		9C55DA64286A9E6C00F0324E /* Assets.xcassets in Resources */ = {isa = PBXBuildFile; fileRef = 9C55DA63286A9E6C00F0324E /* Assets.xcassets */; };
		9C55DA67286A9E6C00F0324E /* LaunchScreen.storyboard in Resources */ = {isa = PBXBuildFile; fileRef = 9C55DA65286A9E6C00F0324E /* LaunchScreen.storyboard */; };
		9C55DA72286A9E6C00F0324E /* Dispatch_QueueTests.swift in Sources */ = {isa = PBXBuildFile; fileRef = 9C55DA71286A9E6C00F0324E /* Dispatch_QueueTests.swift */; };
		9C55DA7C286A9E6C00F0324E /* Dispatch_QueueUITests.swift in Sources */ = {isa = PBXBuildFile; fileRef = 9C55DA7B286A9E6C00F0324E /* Dispatch_QueueUITests.swift */; };
		9C55DA7E286A9E6C00F0324E /* Dispatch_QueueUITestsLaunchTests.swift in Sources */ = {isa = PBXBuildFile; fileRef = 9C55DA7D286A9E6C00F0324E /* Dispatch_QueueUITestsLaunchTests.swift */; };
/* End PBXBuildFile section */

/* Begin PBXContainerItemProxy section */
		9C55DA6E286A9E6C00F0324E /* PBXContainerItemProxy */ = {
			isa = PBXContainerItemProxy;
			containerPortal = 9C55DA4F286A9E6B00F0324E /* Project object */;
			proxyType = 1;
			remoteGlobalIDString = 9C55DA56286A9E6B00F0324E;
			remoteInfo = Dispatch_Queue;
		};
		9C55DA78286A9E6C00F0324E /* PBXContainerItemProxy */ = {
			isa = PBXContainerItemProxy;
			containerPortal = 9C55DA4F286A9E6B00F0324E /* Project object */;
			proxyType = 1;
			remoteGlobalIDString = 9C55DA56286A9E6B00F0324E;
			remoteInfo = Dispatch_Queue;
		};
/* End PBXContainerItemProxy section */

/* Begin PBXFileReference section */
		9C55DA57286A9E6B00F0324E /* Dispatch_Queue.app */ = {isa = PBXFileReference; explicitFileType = wrapper.application; includeInIndex = 0; path = Dispatch_Queue.app; sourceTree = BUILT_PRODUCTS_DIR; };
		9C55DA5A286A9E6B00F0324E /* AppDelegate.swift */ = {isa = PBXFileReference; lastKnownFileType = sourcecode.swift; path = AppDelegate.swift; sourceTree = "<group>"; };
		9C55DA5C286A9E6B00F0324E /* SceneDelegate.swift */ = {isa = PBXFileReference; lastKnownFileType = sourcecode.swift; path = SceneDelegate.swift; sourceTree = "<group>"; };
		9C55DA5E286A9E6B00F0324E /* ViewController.swift */ = {isa = PBXFileReference; lastKnownFileType = sourcecode.swift; path = ViewController.swift; sourceTree = "<group>"; };
		9C55DA61286A9E6B00F0324E /* Base */ = {isa = PBXFileReference; lastKnownFileType = file.storyboard; name = Base; path = Base.lproj/Main.storyboard; sourceTree = "<group>"; };
		9C55DA63286A9E6C00F0324E /* Assets.xcassets */ = {isa = PBXFileReference; lastKnownFileType = folder.assetcatalog; path = Assets.xcassets; sourceTree = "<group>"; };
		9C55DA66286A9E6C00F0324E /* Base */ = {isa = PBXFileReference; lastKnownFileType = file.storyboard; name = Base; path = Base.lproj/LaunchScreen.storyboard; sourceTree = "<group>"; };
		9C55DA68286A9E6C00F0324E /* Info.plist */ = {isa = PBXFileReference; lastKnownFileType = text.plist.xml; path = Info.plist; sourceTree = "<group>"; };
		9C55DA6D286A9E6C00F0324E /* Dispatch_QueueTests.xctest */ = {isa = PBXFileReference; explicitFileType = wrapper.cfbundle; includeInIndex = 0; path = Dispatch_QueueTests.xctest; sourceTree = BUILT_PRODUCTS_DIR; };
		9C55DA71286A9E6C00F0324E /* Dispatch_QueueTests.swift */ = {isa = PBXFileReference; lastKnownFileType = sourcecode.swift; path = Dispatch_QueueTests.swift; sourceTree = "<group>"; };
		9C55DA77286A9E6C00F0324E /* Dispatch_QueueUITests.xctest */ = {isa = PBXFileReference; explicitFileType = wrapper.cfbundle; includeInIndex = 0; path = Dispatch_QueueUITests.xctest; sourceTree = BUILT_PRODUCTS_DIR; };
		9C55DA7B286A9E6C00F0324E /* Dispatch_QueueUITests.swift */ = {isa = PBXFileReference; lastKnownFileType = sourcecode.swift; path = Dispatch_QueueUITests.swift; sourceTree = "<group>"; };
		9C55DA7D286A9E6C00F0324E /* Dispatch_QueueUITestsLaunchTests.swift */ = {isa = PBXFileReference; lastKnownFileType = sourcecode.swift; path = Dispatch_QueueUITestsLaunchTests.swift; sourceTree = "<group>"; };
/* End PBXFileReference section */

/* Begin PBXFrameworksBuildPhase section */
		9C55DA54286A9E6B00F0324E /* Frameworks */ = {
			isa = PBXFrameworksBuildPhase;
			buildActionMask = 2147483647;
			files = (
			);
			runOnlyForDeploymentPostprocessing = 0;
		};
		9C55DA6A286A9E6C00F0324E /* Frameworks */ = {
			isa = PBXFrameworksBuildPhase;
			buildActionMask = 2147483647;
			files = (
			);
			runOnlyForDeploymentPostprocessing = 0;
		};
		9C55DA74286A9E6C00F0324E /* Frameworks */ = {
			isa = PBXFrameworksBuildPhase;
			buildActionMask = 2147483647;
			files = (
			);
			runOnlyForDeploymentPostprocessing = 0;
		};
/* End PBXFrameworksBuildPhase section */

/* Begin PBXGroup section */
		9C55DA4E286A9E6B00F0324E = {
			isa = PBXGroup;
			children = (
				9C55DA59286A9E6B00F0324E /* Dispatch_Queue */,
				9C55DA70286A9E6C00F0324E /* Dispatch_QueueTests */,
				9C55DA7A286A9E6C00F0324E /* Dispatch_QueueUITests */,
				9C55DA58286A9E6B00F0324E /* Products */,
			);
			sourceTree = "<group>";
		};
		9C55DA58286A9E6B00F0324E /* Products */ = {
			isa = PBXGroup;
			children = (
				9C55DA57286A9E6B00F0324E /* Dispatch_Queue.app */,
				9C55DA6D286A9E6C00F0324E /* Dispatch_QueueTests.xctest */,
				9C55DA77286A9E6C00F0324E /* Dispatch_QueueUITests.xctest */,
			);
			name = Products;
			sourceTree = "<group>";
		};
		9C55DA59286A9E6B00F0324E /* Dispatch_Queue */ = {
			isa = PBXGroup;
			children = (
				9C55DA5A286A9E6B00F0324E /* AppDelegate.swift */,
				9C55DA5C286A9E6B00F0324E /* SceneDelegate.swift */,
				9C55DA5E286A9E6B00F0324E /* ViewController.swift */,
				9C55DA60286A9E6B00F0324E /* Main.storyboard */,
				9C55DA63286A9E6C00F0324E /* Assets.xcassets */,
				9C55DA65286A9E6C00F0324E /* LaunchScreen.storyboard */,
				9C55DA68286A9E6C00F0324E /* Info.plist */,
			);
			path = Dispatch_Queue;
			sourceTree = "<group>";
		};
		9C55DA70286A9E6C00F0324E /* Dispatch_QueueTests */ = {
			isa = PBXGroup;
			children = (
				9C55DA71286A9E6C00F0324E /* Dispatch_QueueTests.swift */,
			);
			path = Dispatch_QueueTests;
			sourceTree = "<group>";
		};
		9C55DA7A286A9E6C00F0324E /* Dispatch_QueueUITests */ = {
			isa = PBXGroup;
			children = (
				9C55DA7B286A9E6C00F0324E /* Dispatch_QueueUITests.swift */,
				9C55DA7D286A9E6C00F0324E /* Dispatch_QueueUITestsLaunchTests.swift */,
			);
			path = Dispatch_QueueUITests;
			sourceTree = "<group>";
		};
/* End PBXGroup section */

/* Begin PBXNativeTarget section */
		9C55DA56286A9E6B00F0324E /* Dispatch_Queue */ = {
			isa = PBXNativeTarget;
			buildConfigurationList = 9C55DA81286A9E6C00F0324E /* Build configuration list for PBXNativeTarget "Dispatch_Queue" */;
			buildPhases = (
				9C55DA53286A9E6B00F0324E /* Sources */,
				9C55DA54286A9E6B00F0324E /* Frameworks */,
				9C55DA55286A9E6B00F0324E /* Resources */,
			);
			buildRules = (
			);
			dependencies = (
			);
			name = Dispatch_Queue;
			productName = Dispatch_Queue;
			productReference = 9C55DA57286A9E6B00F0324E /* Dispatch_Queue.app */;
			productType = "com.apple.product-type.application";
		};
		9C55DA6C286A9E6C00F0324E /* Dispatch_QueueTests */ = {
			isa = PBXNativeTarget;
			buildConfigurationList = 9C55DA84286A9E6C00F0324E /* Build configuration list for PBXNativeTarget "Dispatch_QueueTests" */;
			buildPhases = (
				9C55DA69286A9E6C00F0324E /* Sources */,
				9C55DA6A286A9E6C00F0324E /* Frameworks */,
				9C55DA6B286A9E6C00F0324E /* Resources */,
			);
			buildRules = (
			);
			dependencies = (
				9C55DA6F286A9E6C00F0324E /* PBXTargetDependency */,
			);
			name = Dispatch_QueueTests;
			productName = Dispatch_QueueTests;
			productReference = 9C55DA6D286A9E6C00F0324E /* Dispatch_QueueTests.xctest */;
			productType = "com.apple.product-type.bundle.unit-test";
		};
		9C55DA76286A9E6C00F0324E /* Dispatch_QueueUITests */ = {
			isa = PBXNativeTarget;
			buildConfigurationList = 9C55DA87286A9E6C00F0324E /* Build configuration list for PBXNativeTarget "Dispatch_QueueUITests" */;
			buildPhases = (
				9C55DA73286A9E6C00F0324E /* Sources */,
				9C55DA74286A9E6C00F0324E /* Frameworks */,
				9C55DA75286A9E6C00F0324E /* Resources */,
			);
			buildRules = (
			);
			dependencies = (
				9C55DA79286A9E6C00F0324E /* PBXTargetDependency */,
			);
			name = Dispatch_QueueUITests;
			productName = Dispatch_QueueUITests;
			productReference = 9C55DA77286A9E6C00F0324E /* Dispatch_QueueUITests.xctest */;
			productType = "com.apple.product-type.bundle.ui-testing";
		};
/* End PBXNativeTarget section */

/* Begin PBXProject section */
		9C55DA4F286A9E6B00F0324E /* Project object */ = {
			isa = PBXProject;
			attributes = {
				BuildIndependentTargetsInParallel = 1;
				LastSwiftUpdateCheck = 1340;
				LastUpgradeCheck = 1340;
				TargetAttributes = {
					9C55DA56286A9E6B00F0324E = {
						CreatedOnToolsVersion = 13.4.1;
					};
					9C55DA6C286A9E6C00F0324E = {
						CreatedOnToolsVersion = 13.4.1;
						TestTargetID = 9C55DA56286A9E6B00F0324E;
					};
					9C55DA76286A9E6C00F0324E = {
						CreatedOnToolsVersion = 13.4.1;
						TestTargetID = 9C55DA56286A9E6B00F0324E;
					};
				};
			};
			buildConfigurationList = 9C55DA52286A9E6B00F0324E /* Build configuration list for PBXProject "Dispatch_Queue" */;
			compatibilityVersion = "Xcode 13.0";
			developmentRegion = en;
			hasScannedForEncodings = 0;
			knownRegions = (
				en,
				Base,
			);
			mainGroup = 9C55DA4E286A9E6B00F0324E;
			productRefGroup = 9C55DA58286A9E6B00F0324E /* Products */;
			projectDirPath = "";
			projectRoot = "";
			targets = (
				9C55DA56286A9E6B00F0324E /* Dispatch_Queue */,
				9C55DA6C286A9E6C00F0324E /* Dispatch_QueueTests */,
				9C55DA76286A9E6C00F0324E /* Dispatch_QueueUITests */,
			);
		};
/* End PBXProject section */

/* Begin PBXResourcesBuildPhase section */
		9C55DA55286A9E6B00F0324E /* Resources */ = {
			isa = PBXResourcesBuildPhase;
			buildActionMask = 2147483647;
			files = (
				9C55DA67286A9E6C00F0324E /* LaunchScreen.storyboard in Resources */,
				9C55DA64286A9E6C00F0324E /* Assets.xcassets in Resources */,
				9C55DA62286A9E6B00F0324E /* Main.storyboard in Resources */,
			);
			runOnlyForDeploymentPostprocessing = 0;
		};
		9C55DA6B286A9E6C00F0324E /* Resources */ = {
			isa = PBXResourcesBuildPhase;
			buildActionMask = 2147483647;
			files = (
			);
			runOnlyForDeploymentPostprocessing = 0;
		};
		9C55DA75286A9E6C00F0324E /* Resources */ = {
			isa = PBXResourcesBuildPhase;
			buildActionMask = 2147483647;
			files = (
			);
			runOnlyForDeploymentPostprocessing = 0;
		};
/* End PBXResourcesBuildPhase section */

/* Begin PBXSourcesBuildPhase section */
		9C55DA53286A9E6B00F0324E /* Sources */ = {
			isa = PBXSourcesBuildPhase;
			buildActionMask = 2147483647;
			files = (
				9C55DA5F286A9E6B00F0324E /* ViewController.swift in Sources */,
				9C55DA5B286A9E6B00F0324E /* AppDelegate.swift in Sources */,
				9C55DA5D286A9E6B00F0324E /* SceneDelegate.swift in Sources */,
			);
			runOnlyForDeploymentPostprocessing = 0;
		};
		9C55DA69286A9E6C00F0324E /* Sources */ = {
			isa = PBXSourcesBuildPhase;
			buildActionMask = 2147483647;
			files = (
				9C55DA72286A9E6C00F0324E /* Dispatch_QueueTests.swift in Sources */,
			);
			runOnlyForDeploymentPostprocessing = 0;
		};
		9C55DA73286A9E6C00F0324E /* Sources */ = {
			isa = PBXSourcesBuildPhase;
			buildActionMask = 2147483647;
			files = (
				9C55DA7E286A9E6C00F0324E /* Dispatch_QueueUITestsLaunchTests.swift in Sources */,
				9C55DA7C286A9E6C00F0324E /* Dispatch_QueueUITests.swift in Sources */,
			);
			runOnlyForDeploymentPostprocessing = 0;
		};
/* End PBXSourcesBuildPhase section */

/* Begin PBXTargetDependency section */
		9C55DA6F286A9E6C00F0324E /* PBXTargetDependency */ = {
			isa = PBXTargetDependency;
			target = 9C55DA56286A9E6B00F0324E /* Dispatch_Queue */;
			targetProxy = 9C55DA6E286A9E6C00F0324E /* PBXContainerItemProxy */;
		};
		9C55DA79286A9E6C00F0324E /* PBXTargetDependency */ = {
			isa = PBXTargetDependency;
			target = 9C55DA56286A9E6B00F0324E /* Dispatch_Queue */;
			targetProxy = 9C55DA78286A9E6C00F0324E /* PBXContainerItemProxy */;
		};
/* End PBXTargetDependency section */

/* Begin PBXVariantGroup section */
		9C55DA60286A9E6B00F0324E /* Main.storyboard */ = {
			isa = PBXVariantGroup;
			children = (
				9C55DA61286A9E6B00F0324E /* Base */,
			);
			name = Main.storyboard;
			sourceTree = "<group>";
		};
		9C55DA65286A9E6C00F0324E /* LaunchScreen.storyboard */ = {
			isa = PBXVariantGroup;
			children = (
				9C55DA66286A9E6C00F0324E /* Base */,
			);
			name = LaunchScreen.storyboard;
			sourceTree = "<group>";
		};
/* End PBXVariantGroup section */

/* Begin XCBuildConfiguration section */
		9C55DA7F286A9E6C00F0324E /* Debug */ = {
			isa = XCBuildConfiguration;
			buildSettings = {
				ALWAYS_SEARCH_USER_PATHS = NO;
				CLANG_ANALYZER_NONNULL = YES;
				CLANG_ANALYZER_NUMBER_OBJECT_CONVERSION = YES_AGGRESSIVE;
				CLANG_CXX_LANGUAGE_STANDARD = "gnu++17";
				CLANG_ENABLE_MODULES = YES;
				CLANG_ENABLE_OBJC_ARC = YES;
				CLANG_ENABLE_OBJC_WEAK = YES;
				CLANG_WARN_BLOCK_CAPTURE_AUTORELEASING = YES;
				CLANG_WARN_BOOL_CONVERSION = YES;
				CLANG_WARN_COMMA = YES;
				CLANG_WARN_CONSTANT_CONVERSION = YES;
				CLANG_WARN_DEPRECATED_OBJC_IMPLEMENTATIONS = YES;
				CLANG_WARN_DIRECT_OBJC_ISA_USAGE = YES_ERROR;
				CLANG_WARN_DOCUMENTATION_COMMENTS = YES;
				CLANG_WARN_EMPTY_BODY = YES;
				CLANG_WARN_ENUM_CONVERSION = YES;
				CLANG_WARN_INFINITE_RECURSION = YES;
				CLANG_WARN_INT_CONVERSION = YES;
				CLANG_WARN_NON_LITERAL_NULL_CONVERSION = YES;
				CLANG_WARN_OBJC_IMPLICIT_RETAIN_SELF = YES;
				CLANG_WARN_OBJC_LITERAL_CONVERSION = YES;
				CLANG_WARN_OBJC_ROOT_CLASS = YES_ERROR;
				CLANG_WARN_QUOTED_INCLUDE_IN_FRAMEWORK_HEADER = YES;
				CLANG_WARN_RANGE_LOOP_ANALYSIS = YES;
				CLANG_WARN_STRICT_PROTOTYPES = YES;
				CLANG_WARN_SUSPICIOUS_MOVE = YES;
				CLANG_WARN_UNGUARDED_AVAILABILITY = YES_AGGRESSIVE;
				CLANG_WARN_UNREACHABLE_CODE = YES;
				CLANG_WARN__DUPLICATE_METHOD_MATCH = YES;
				COPY_PHASE_STRIP = NO;
				DEBUG_INFORMATION_FORMAT = dwarf;
				ENABLE_STRICT_OBJC_MSGSEND = YES;
				ENABLE_TESTABILITY = YES;
				GCC_C_LANGUAGE_STANDARD = gnu11;
				GCC_DYNAMIC_NO_PIC = NO;
				GCC_NO_COMMON_BLOCKS = YES;
				GCC_OPTIMIZATION_LEVEL = 0;
				GCC_PREPROCESSOR_DEFINITIONS = (
					"DEBUG=1",
					"$(inherited)",
				);
				GCC_WARN_64_TO_32_BIT_CONVERSION = YES;
				GCC_WARN_ABOUT_RETURN_TYPE = YES_ERROR;
				GCC_WARN_UNDECLARED_SELECTOR = YES;
				GCC_WARN_UNINITIALIZED_AUTOS = YES_AGGRESSIVE;
				GCC_WARN_UNUSED_FUNCTION = YES;
				GCC_WARN_UNUSED_VARIABLE = YES;
				IPHONEOS_DEPLOYMENT_TARGET = 15.5;
				MTL_ENABLE_DEBUG_INFO = INCLUDE_SOURCE;
				MTL_FAST_MATH = YES;
				ONLY_ACTIVE_ARCH = YES;
				SDKROOT = iphoneos;
				SWIFT_ACTIVE_COMPILATION_CONDITIONS = DEBUG;
				SWIFT_OPTIMIZATION_LEVEL = "-Onone";
			};
			name = Debug;
		};
		9C55DA80286A9E6C00F0324E /* Release */ = {
			isa = XCBuildConfiguration;
			buildSettings = {
				ALWAYS_SEARCH_USER_PATHS = NO;
				CLANG_ANALYZER_NONNULL = YES;
				CLANG_ANALYZER_NUMBER_OBJECT_CONVERSION = YES_AGGRESSIVE;
				CLANG_CXX_LANGUAGE_STANDARD = "gnu++17";
				CLANG_ENABLE_MODULES = YES;
				CLANG_ENABLE_OBJC_ARC = YES;
				CLANG_ENABLE_OBJC_WEAK = YES;
				CLANG_WARN_BLOCK_CAPTURE_AUTORELEASING = YES;
				CLANG_WARN_BOOL_CONVERSION = YES;
				CLANG_WARN_COMMA = YES;
				CLANG_WARN_CONSTANT_CONVERSION = YES;
				CLANG_WARN_DEPRECATED_OBJC_IMPLEMENTATIONS = YES;
				CLANG_WARN_DIRECT_OBJC_ISA_USAGE = YES_ERROR;
				CLANG_WARN_DOCUMENTATION_COMMENTS = YES;
				CLANG_WARN_EMPTY_BODY = YES;
				CLANG_WARN_ENUM_CONVERSION = YES;
				CLANG_WARN_INFINITE_RECURSION = YES;
				CLANG_WARN_INT_CONVERSION = YES;
				CLANG_WARN_NON_LITERAL_NULL_CONVERSION = YES;
				CLANG_WARN_OBJC_IMPLICIT_RETAIN_SELF = YES;
				CLANG_WARN_OBJC_LITERAL_CONVERSION = YES;
				CLANG_WARN_OBJC_ROOT_CLASS = YES_ERROR;
				CLANG_WARN_QUOTED_INCLUDE_IN_FRAMEWORK_HEADER = YES;
				CLANG_WARN_RANGE_LOOP_ANALYSIS = YES;
				CLANG_WARN_STRICT_PROTOTYPES = YES;
				CLANG_WARN_SUSPICIOUS_MOVE = YES;
				CLANG_WARN_UNGUARDED_AVAILABILITY = YES_AGGRESSIVE;
				CLANG_WARN_UNREACHABLE_CODE = YES;
				CLANG_WARN__DUPLICATE_METHOD_MATCH = YES;
				COPY_PHASE_STRIP = NO;
				DEBUG_INFORMATION_FORMAT = "dwarf-with-dsym";
				ENABLE_NS_ASSERTIONS = NO;
				ENABLE_STRICT_OBJC_MSGSEND = YES;
				GCC_C_LANGUAGE_STANDARD = gnu11;
				GCC_NO_COMMON_BLOCKS = YES;
				GCC_WARN_64_TO_32_BIT_CONVERSION = YES;
				GCC_WARN_ABOUT_RETURN_TYPE = YES_ERROR;
				GCC_WARN_UNDECLARED_SELECTOR = YES;
				GCC_WARN_UNINITIALIZED_AUTOS = YES_AGGRESSIVE;
				GCC_WARN_UNUSED_FUNCTION = YES;
				GCC_WARN_UNUSED_VARIABLE = YES;
				IPHONEOS_DEPLOYMENT_TARGET = 15.5;
				MTL_ENABLE_DEBUG_INFO = NO;
				MTL_FAST_MATH = YES;
				SDKROOT = iphoneos;
				SWIFT_COMPILATION_MODE = wholemodule;
				SWIFT_OPTIMIZATION_LEVEL = "-O";
				VALIDATE_PRODUCT = YES;
			};
			name = Release;
		};
		9C55DA82286A9E6C00F0324E /* Debug */ = {
			isa = XCBuildConfiguration;
			buildSettings = {
				ASSETCATALOG_COMPILER_APPICON_NAME = AppIcon;
				ASSETCATALOG_COMPILER_GLOBAL_ACCENT_COLOR_NAME = AccentColor;
				CODE_SIGN_STYLE = Automatic;
				CURRENT_PROJECT_VERSION = 1;
				GENERATE_INFOPLIST_FILE = YES;
				INFOPLIST_FILE = Dispatch_Queue/Info.plist;
				INFOPLIST_KEY_UIApplicationSupportsIndirectInputEvents = YES;
				INFOPLIST_KEY_UILaunchStoryboardName = LaunchScreen;
				INFOPLIST_KEY_UIMainStoryboardFile = Main;
				INFOPLIST_KEY_UISupportedInterfaceOrientations = "UIInterfaceOrientationPortrait UIInterfaceOrientationLandscapeLeft UIInterfaceOrientationLandscapeRight";
				INFOPLIST_KEY_UISupportedInterfaceOrientations_iPad = "UIInterfaceOrientationPortrait UIInterfaceOrientationPortraitUpsideDown UIInterfaceOrientationLandscapeLeft UIInterfaceOrientationLandscapeRight";
				INFOPLIST_KEY_UISupportedInterfaceOrientations_iPhone = "UIInterfaceOrientationPortrait UIInterfaceOrientationLandscapeLeft UIInterfaceOrientationLandscapeRight";
				IPHONEOS_DEPLOYMENT_TARGET = 13.0;
				LD_RUNPATH_SEARCH_PATHS = (
					"$(inherited)",
					"@executable_path/Frameworks",
				);
				MARKETING_VERSION = 1.0;
				PRODUCT_BUNDLE_IDENTIFIER = "DevPark.Dispatch-Queue";
				PRODUCT_NAME = "$(TARGET_NAME)";
				SWIFT_EMIT_LOC_STRINGS = YES;
				SWIFT_VERSION = 5.0;
				TARGETED_DEVICE_FAMILY = 1;
			};
			name = Debug;
		};
		9C55DA83286A9E6C00F0324E /* Release */ = {
			isa = XCBuildConfiguration;
			buildSettings = {
				ASSETCATALOG_COMPILER_APPICON_NAME = AppIcon;
				ASSETCATALOG_COMPILER_GLOBAL_ACCENT_COLOR_NAME = AccentColor;
				CODE_SIGN_STYLE = Automatic;
				CURRENT_PROJECT_VERSION = 1;
				GENERATE_INFOPLIST_FILE = YES;
				INFOPLIST_FILE = Dispatch_Queue/Info.plist;
				INFOPLIST_KEY_UIApplicationSupportsIndirectInputEvents = YES;
				INFOPLIST_KEY_UILaunchStoryboardName = LaunchScreen;
				INFOPLIST_KEY_UIMainStoryboardFile = Main;
				INFOPLIST_KEY_UISupportedInterfaceOrientations = "UIInterfaceOrientationPortrait UIInterfaceOrientationLandscapeLeft UIInterfaceOrientationLandscapeRight";
				INFOPLIST_KEY_UISupportedInterfaceOrientations_iPad = "UIInterfaceOrientationPortrait UIInterfaceOrientationPortraitUpsideDown UIInterfaceOrientationLandscapeLeft UIInterfaceOrientationLandscapeRight";
				INFOPLIST_KEY_UISupportedInterfaceOrientations_iPhone = "UIInterfaceOrientationPortrait UIInterfaceOrientationLandscapeLeft UIInterfaceOrientationLandscapeRight";
				IPHONEOS_DEPLOYMENT_TARGET = 13.0;
				LD_RUNPATH_SEARCH_PATHS = (
					"$(inherited)",
					"@executable_path/Frameworks",
				);
				MARKETING_VERSION = 1.0;
				PRODUCT_BUNDLE_IDENTIFIER = "DevPark.Dispatch-Queue";
				PRODUCT_NAME = "$(TARGET_NAME)";
				SWIFT_EMIT_LOC_STRINGS = YES;
				SWIFT_VERSION = 5.0;
				TARGETED_DEVICE_FAMILY = 1;
			};
			name = Release;
		};
		9C55DA85286A9E6C00F0324E /* Debug */ = {
			isa = XCBuildConfiguration;
			buildSettings = {
				ALWAYS_EMBED_SWIFT_STANDARD_LIBRARIES = YES;
				BUNDLE_LOADER = "$(TEST_HOST)";
				CODE_SIGN_STYLE = Automatic;
				CURRENT_PROJECT_VERSION = 1;
				GENERATE_INFOPLIST_FILE = YES;
				IPHONEOS_DEPLOYMENT_TARGET = 15.5;
				MARKETING_VERSION = 1.0;
				PRODUCT_BUNDLE_IDENTIFIER = "DevPark.Dispatch-QueueTests";
				PRODUCT_NAME = "$(TARGET_NAME)";
				SWIFT_EMIT_LOC_STRINGS = NO;
				SWIFT_VERSION = 5.0;
				TARGETED_DEVICE_FAMILY = "1,2";
				TEST_HOST = "$(BUILT_PRODUCTS_DIR)/Dispatch_Queue.app/Dispatch_Queue";
			};
			name = Debug;
		};
		9C55DA86286A9E6C00F0324E /* Release */ = {
			isa = XCBuildConfiguration;
			buildSettings = {
				ALWAYS_EMBED_SWIFT_STANDARD_LIBRARIES = YES;
				BUNDLE_LOADER = "$(TEST_HOST)";
				CODE_SIGN_STYLE = Automatic;
				CURRENT_PROJECT_VERSION = 1;
				GENERATE_INFOPLIST_FILE = YES;
				IPHONEOS_DEPLOYMENT_TARGET = 15.5;
				MARKETING_VERSION = 1.0;
				PRODUCT_BUNDLE_IDENTIFIER = "DevPark.Dispatch-QueueTests";
				PRODUCT_NAME = "$(TARGET_NAME)";
				SWIFT_EMIT_LOC_STRINGS = NO;
				SWIFT_VERSION = 5.0;
				TARGETED_DEVICE_FAMILY = "1,2";
				TEST_HOST = "$(BUILT_PRODUCTS_DIR)/Dispatch_Queue.app/Dispatch_Queue";
			};
			name = Release;
		};
		9C55DA88286A9E6C00F0324E /* Debug */ = {
			isa = XCBuildConfiguration;
			buildSettings = {
				ALWAYS_EMBED_SWIFT_STANDARD_LIBRARIES = YES;
				CODE_SIGN_STYLE = Automatic;
				CURRENT_PROJECT_VERSION = 1;
				GENERATE_INFOPLIST_FILE = YES;
				MARKETING_VERSION = 1.0;
				PRODUCT_BUNDLE_IDENTIFIER = "DevPark.Dispatch-QueueUITests";
				PRODUCT_NAME = "$(TARGET_NAME)";
				SWIFT_EMIT_LOC_STRINGS = NO;
				SWIFT_VERSION = 5.0;
				TARGETED_DEVICE_FAMILY = "1,2";
				TEST_TARGET_NAME = Dispatch_Queue;
			};
			name = Debug;
		};
		9C55DA89286A9E6C00F0324E /* Release */ = {
			isa = XCBuildConfiguration;
			buildSettings = {
				ALWAYS_EMBED_SWIFT_STANDARD_LIBRARIES = YES;
				CODE_SIGN_STYLE = Automatic;
				CURRENT_PROJECT_VERSION = 1;
				GENERATE_INFOPLIST_FILE = YES;
				MARKETING_VERSION = 1.0;
				PRODUCT_BUNDLE_IDENTIFIER = "DevPark.Dispatch-QueueUITests";
				PRODUCT_NAME = "$(TARGET_NAME)";
				SWIFT_EMIT_LOC_STRINGS = NO;
				SWIFT_VERSION = 5.0;
				TARGETED_DEVICE_FAMILY = "1,2";
				TEST_TARGET_NAME = Dispatch_Queue;
			};
			name = Release;
		};
/* End XCBuildConfiguration section */

/* Begin XCConfigurationList section */
		9C55DA52286A9E6B00F0324E /* Build configuration list for PBXProject "Dispatch_Queue" */ = {
			isa = XCConfigurationList;
			buildConfigurations = (
				9C55DA7F286A9E6C00F0324E /* Debug */,
				9C55DA80286A9E6C00F0324E /* Release */,
			);
			defaultConfigurationIsVisible = 0;
			defaultConfigurationName = Release;
		};
		9C55DA81286A9E6C00F0324E /* Build configuration list for PBXNativeTarget "Dispatch_Queue" */ = {
			isa = XCConfigurationList;
			buildConfigurations = (
				9C55DA82286A9E6C00F0324E /* Debug */,
				9C55DA83286A9E6C00F0324E /* Release */,
			);
			defaultConfigurationIsVisible = 0;
			defaultConfigurationName = Release;
		};
		9C55DA84286A9E6C00F0324E /* Build configuration list for PBXNativeTarget "Dispatch_QueueTests" */ = {
			isa = XCConfigurationList;
			buildConfigurations = (
				9C55DA85286A9E6C00F0324E /* Debug */,
				9C55DA86286A9E6C00F0324E /* Release */,
			);
			defaultConfigurationIsVisible = 0;
			defaultConfigurationName = Release;
		};
		9C55DA87286A9E6C00F0324E /* Build configuration list for PBXNativeTarget "Dispatch_QueueUITests" */ = {
			isa = XCConfigurationList;
			buildConfigurations = (
				9C55DA88286A9E6C00F0324E /* Debug */,
				9C55DA89286A9E6C00F0324E /* Release */,
			);
			defaultConfigurationIsVisible = 0;
			defaultConfigurationName = Release;
		};
/* End XCConfigurationList section */
	};
	rootObject = 9C55DA4F286A9E6B00F0324E /* Project object */;
}
